// !$*UTF8*$!
{
	archiveVersion = 1;
	classes = {
	};
	objectVersion = 50;
	objects = {

/* Begin PBXBuildFile section */
		5C2620462695F5E6001680F5 /* topGainLoss.swift in Sources */ = {isa = PBXBuildFile; fileRef = 5C2620452695F5E6001680F5 /* topGainLoss.swift */; };
		5C8DDBD0269F429B00822C79 /* json.swift in Sources */ = {isa = PBXBuildFile; fileRef = 5C8DDBCF269F429B00822C79 /* json.swift */; };
		5C9203312692CED20043E37A /* totalBalance.swift in Sources */ = {isa = PBXBuildFile; fileRef = 5C9203302692CED20043E37A /* totalBalance.swift */; };
		5C9203332692CF360043E37A /* header.swift in Sources */ = {isa = PBXBuildFile; fileRef = 5C9203322692CF360043E37A /* header.swift */; };
		5C9203352692D03F0043E37A /* yourInvestment.swift in Sources */ = {isa = PBXBuildFile; fileRef = 5C9203342692D03F0043E37A /* yourInvestment.swift */; };
		5CA37F8426975094008884B9 /* tabView.swift in Sources */ = {isa = PBXBuildFile; fileRef = 5CA37F8326975094008884B9 /* tabView.swift */; };
		5CA37F8826975C3E008884B9 /* portfolioView.swift in Sources */ = {isa = PBXBuildFile; fileRef = 5CA37F8726975C3E008884B9 /* portfolioView.swift */; };
		5CA37F8A26975D31008884B9 /* transactionView.swift in Sources */ = {isa = PBXBuildFile; fileRef = 5CA37F8926975D31008884B9 /* transactionView.swift */; };
		5CDDAAA8269178B800D5C1CB /* portfolioAppApp.swift in Sources */ = {isa = PBXBuildFile; fileRef = 5CDDAAA7269178B800D5C1CB /* portfolioAppApp.swift */; };
		5CDDAAAA269178B800D5C1CB /* ContentView.swift in Sources */ = {isa = PBXBuildFile; fileRef = 5CDDAAA9269178B800D5C1CB /* ContentView.swift */; };
		5CDDAAAC269178BB00D5C1CB /* Assets.xcassets in Resources */ = {isa = PBXBuildFile; fileRef = 5CDDAAAB269178BB00D5C1CB /* Assets.xcassets */; };
		5CDDAAAF269178BB00D5C1CB /* Preview Assets.xcassets in Resources */ = {isa = PBXBuildFile; fileRef = 5CDDAAAE269178BB00D5C1CB /* Preview Assets.xcassets */; };
		5CDDAAB7269178CD00D5C1CB /* HomeScreen.swift in Sources */ = {isa = PBXBuildFile; fileRef = 5CDDAAB6269178CD00D5C1CB /* HomeScreen.swift */; };
/* End PBXBuildFile section */

/* Begin PBXFileReference section */
		5C2620452695F5E6001680F5 /* topGainLoss.swift */ = {isa = PBXFileReference; lastKnownFileType = sourcecode.swift; path = topGainLoss.swift; sourceTree = "<group>"; };
		5C8DDBCF269F429B00822C79 /* json.swift */ = {isa = PBXFileReference; lastKnownFileType = sourcecode.swift; path = json.swift; sourceTree = "<group>"; };
		5C9203302692CED20043E37A /* totalBalance.swift */ = {isa = PBXFileReference; lastKnownFileType = sourcecode.swift; path = totalBalance.swift; sourceTree = "<group>"; };
		5C9203322692CF360043E37A /* header.swift */ = {isa = PBXFileReference; lastKnownFileType = sourcecode.swift; path = header.swift; sourceTree = "<group>"; };
		5C9203342692D03F0043E37A /* yourInvestment.swift */ = {isa = PBXFileReference; lastKnownFileType = sourcecode.swift; path = yourInvestment.swift; sourceTree = "<group>"; };
		5CA37F8326975094008884B9 /* tabView.swift */ = {isa = PBXFileReference; lastKnownFileType = sourcecode.swift; path = tabView.swift; sourceTree = "<group>"; };
		5CA37F8726975C3E008884B9 /* portfolioView.swift */ = {isa = PBXFileReference; lastKnownFileType = sourcecode.swift; path = portfolioView.swift; sourceTree = "<group>"; };
		5CA37F8926975D31008884B9 /* transactionView.swift */ = {isa = PBXFileReference; lastKnownFileType = sourcecode.swift; path = transactionView.swift; sourceTree = "<group>"; };
		5CDDAAA4269178B800D5C1CB /* portfolioApp.app */ = {isa = PBXFileReference; explicitFileType = wrapper.application; includeInIndex = 0; path = portfolioApp.app; sourceTree = BUILT_PRODUCTS_DIR; };
		5CDDAAA7269178B800D5C1CB /* portfolioAppApp.swift */ = {isa = PBXFileReference; lastKnownFileType = sourcecode.swift; path = portfolioAppApp.swift; sourceTree = "<group>"; };
		5CDDAAA9269178B800D5C1CB /* ContentView.swift */ = {isa = PBXFileReference; lastKnownFileType = sourcecode.swift; path = ContentView.swift; sourceTree = "<group>"; };
		5CDDAAAB269178BB00D5C1CB /* Assets.xcassets */ = {isa = PBXFileReference; lastKnownFileType = folder.assetcatalog; path = Assets.xcassets; sourceTree = "<group>"; };
		5CDDAAAE269178BB00D5C1CB /* Preview Assets.xcassets */ = {isa = PBXFileReference; lastKnownFileType = folder.assetcatalog; path = "Preview Assets.xcassets"; sourceTree = "<group>"; };
		5CDDAAB0269178BB00D5C1CB /* Info.plist */ = {isa = PBXFileReference; lastKnownFileType = text.plist.xml; path = Info.plist; sourceTree = "<group>"; };
		5CDDAAB6269178CD00D5C1CB /* HomeScreen.swift */ = {isa = PBXFileReference; lastKnownFileType = sourcecode.swift; path = HomeScreen.swift; sourceTree = "<group>"; };
/* End PBXFileReference section */

/* Begin PBXFrameworksBuildPhase section */
		5CDDAAA1269178B800D5C1CB /* Frameworks */ = {
			isa = PBXFrameworksBuildPhase;
			buildActionMask = 2147483647;
			files = (
			);
			runOnlyForDeploymentPostprocessing = 0;
		};
/* End PBXFrameworksBuildPhase section */

/* Begin PBXGroup section */
		5CDDAA9B269178B800D5C1CB = {
			isa = PBXGroup;
			children = (
				5CDDAAA6269178B800D5C1CB /* portfolioApp */,
				5CDDAAA5269178B800D5C1CB /* Products */,
			);
			sourceTree = "<group>";
		};
		5CDDAAA5269178B800D5C1CB /* Products */ = {
			isa = PBXGroup;
			children = (
				5CDDAAA4269178B800D5C1CB /* portfolioApp.app */,
			);
			name = Products;
			sourceTree = "<group>";
		};
		5CDDAAA6269178B800D5C1CB /* portfolioApp */ = {
			isa = PBXGroup;
			children = (
				5CDDAAA7269178B800D5C1CB /* portfolioAppApp.swift */,
				5CDDAAA9269178B800D5C1CB /* ContentView.swift */,
				5CDDAAB6269178CD00D5C1CB /* HomeScreen.swift */,
				5CA37F8326975094008884B9 /* tabView.swift */,
				5CA37F8926975D31008884B9 /* transactionView.swift */,
				5CA37F8726975C3E008884B9 /* portfolioView.swift */,
				5C2620452695F5E6001680F5 /* topGainLoss.swift */,
				5C9203342692D03F0043E37A /* yourInvestment.swift */,
				5C9203322692CF360043E37A /* header.swift */,
				5C8DDBCF269F429B00822C79 /* json.swift */,
				5C9203302692CED20043E37A /* totalBalance.swift */,
				5CDDAAAB269178BB00D5C1CB /* Assets.xcassets */,
				5CDDAAB0269178BB00D5C1CB /* Info.plist */,
				5CDDAAAD269178BB00D5C1CB /* Preview Content */,
			);
			path = portfolioApp;
			sourceTree = "<group>";
		};
		5CDDAAAD269178BB00D5C1CB /* Preview Content */ = {
			isa = PBXGroup;
			children = (
				5CDDAAAE269178BB00D5C1CB /* Preview Assets.xcassets */,
			);
			path = "Preview Content";
			sourceTree = "<group>";
		};
/* End PBXGroup section */

/* Begin PBXNativeTarget section */
		5CDDAAA3269178B800D5C1CB /* portfolioApp */ = {
			isa = PBXNativeTarget;
			buildConfigurationList = 5CDDAAB3269178BB00D5C1CB /* Build configuration list for PBXNativeTarget "portfolioApp" */;
			buildPhases = (
				5CDDAAA0269178B800D5C1CB /* Sources */,
				5CDDAAA1269178B800D5C1CB /* Frameworks */,
				5CDDAAA2269178B800D5C1CB /* Resources */,
			);
			buildRules = (
			);
			dependencies = (
			);
			name = portfolioApp;
			productName = portfolioApp;
			productReference = 5CDDAAA4269178B800D5C1CB /* portfolioApp.app */;
			productType = "com.apple.product-type.application";
		};
/* End PBXNativeTarget section */

/* Begin PBXProject section */
		5CDDAA9C269178B800D5C1CB /* Project object */ = {
			isa = PBXProject;
			attributes = {
				LastSwiftUpdateCheck = 1250;
				LastUpgradeCheck = 1250;
				TargetAttributes = {
					5CDDAAA3269178B800D5C1CB = {
						CreatedOnToolsVersion = 12.5;
					};
				};
			};
			buildConfigurationList = 5CDDAA9F269178B800D5C1CB /* Build configuration list for PBXProject "portfolioApp" */;
			compatibilityVersion = "Xcode 9.3";
			developmentRegion = en;
			hasScannedForEncodings = 0;
			knownRegions = (
				en,
				Base,
			);
			mainGroup = 5CDDAA9B269178B800D5C1CB;
			productRefGroup = 5CDDAAA5269178B800D5C1CB /* Products */;
			projectDirPath = "";
			projectRoot = "";
			targets = (
				5CDDAAA3269178B800D5C1CB /* portfolioApp */,
			);
		};
/* End PBXProject section */

/* Begin PBXResourcesBuildPhase section */
		5CDDAAA2269178B800D5C1CB /* Resources */ = {
			isa = PBXResourcesBuildPhase;
			buildActionMask = 2147483647;
			files = (
				5CDDAAAF269178BB00D5C1CB /* Preview Assets.xcassets in Resources */,
				5CDDAAAC269178BB00D5C1CB /* Assets.xcassets in Resources */,
			);
			runOnlyForDeploymentPostprocessing = 0;
		};
/* End PBXResourcesBuildPhase section */

/* Begin PBXSourcesBuildPhase section */
		5CDDAAA0269178B800D5C1CB /* Sources */ = {
			isa = PBXSourcesBuildPhase;
			buildActionMask = 2147483647;
			files = (
				5C8DDBD0269F429B00822C79 /* json.swift in Sources */,
				5CDDAAAA269178B800D5C1CB /* ContentView.swift in Sources */,
				5C9203332692CF360043E37A /* header.swift in Sources */,
				5CA37F8426975094008884B9 /* tabView.swift in Sources */,
				5CA37F8826975C3E008884B9 /* portfolioView.swift in Sources */,
				5CDDAAA8269178B800D5C1CB /* portfolioAppApp.swift in Sources */,
				5CA37F8A26975D31008884B9 /* transactionView.swift in Sources */,
				5C2620462695F5E6001680F5 /* topGainLoss.swift in Sources */,
				5CDDAAB7269178CD00D5C1CB /* HomeScreen.swift in Sources */,
				5C9203312692CED20043E37A /* totalBalance.swift in Sources */,
				5C9203352692D03F0043E37A /* yourInvestment.swift in Sources */,
			);
			runOnlyForDeploymentPostprocessing = 0;
		};
/* End PBXSourcesBuildPhase section */

/* Begin XCBuildConfiguration section */
		5CDDAAB1269178BB00D5C1CB /* Debug */ = {
			isa = XCBuildConfiguration;
			buildSettings = {
				ALWAYS_SEARCH_USER_PATHS = NO;
				CLANG_ANALYZER_NONNULL = YES;
				CLANG_ANALYZER_NUMBER_OBJECT_CONVERSION = YES_AGGRESSIVE;
				CLANG_CXX_LANGUAGE_STANDARD = "gnu++14";
				CLANG_CXX_LIBRARY = "libc++";
				CLANG_ENABLE_MODULES = YES;
				CLANG_ENABLE_OBJC_ARC = YES;
				CLANG_ENABLE_OBJC_WEAK = YES;
				CLANG_WARN_BLOCK_CAPTURE_AUTORELEASING = YES;
				CLANG_WARN_BOOL_CONVERSION = YES;
				CLANG_WARN_COMMA = YES;
				CLANG_WARN_CONSTANT_CONVERSION = YES;
				CLANG_WARN_DEPRECATED_OBJC_IMPLEMENTATIONS = YES;
				CLANG_WARN_DIRECT_OBJC_ISA_USAGE = YES_ERROR;
				CLANG_WARN_DOCUMENTATION_COMMENTS = YES;
				CLANG_WARN_EMPTY_BODY = YES;
				CLANG_WARN_ENUM_CONVERSION = YES;
				CLANG_WARN_INFINITE_RECURSION = YES;
				CLANG_WARN_INT_CONVERSION = YES;
				CLANG_WARN_NON_LITERAL_NULL_CONVERSION = YES;
				CLANG_WARN_OBJC_IMPLICIT_RETAIN_SELF = YES;
				CLANG_WARN_OBJC_LITERAL_CONVERSION = YES;
				CLANG_WARN_OBJC_ROOT_CLASS = YES_ERROR;
				CLANG_WARN_QUOTED_INCLUDE_IN_FRAMEWORK_HEADER = YES;
				CLANG_WARN_RANGE_LOOP_ANALYSIS = YES;
				CLANG_WARN_STRICT_PROTOTYPES = YES;
				CLANG_WARN_SUSPICIOUS_MOVE = YES;
				CLANG_WARN_UNGUARDED_AVAILABILITY = YES_AGGRESSIVE;
				CLANG_WARN_UNREACHABLE_CODE = YES;
				CLANG_WARN__DUPLICATE_METHOD_MATCH = YES;
				COPY_PHASE_STRIP = NO;
				DEBUG_INFORMATION_FORMAT = dwarf;
				ENABLE_STRICT_OBJC_MSGSEND = YES;
				ENABLE_TESTABILITY = YES;
				GCC_C_LANGUAGE_STANDARD = gnu11;
				GCC_DYNAMIC_NO_PIC = NO;
				GCC_NO_COMMON_BLOCKS = YES;
				GCC_OPTIMIZATION_LEVEL = 0;
				GCC_PREPROCESSOR_DEFINITIONS = (
					"DEBUG=1",
					"$(inherited)",
				);
				GCC_WARN_64_TO_32_BIT_CONVERSION = YES;
				GCC_WARN_ABOUT_RETURN_TYPE = YES_ERROR;
				GCC_WARN_UNDECLARED_SELECTOR = YES;
				GCC_WARN_UNINITIALIZED_AUTOS = YES_AGGRESSIVE;
				GCC_WARN_UNUSED_FUNCTION = YES;
				GCC_WARN_UNUSED_VARIABLE = YES;
				IPHONEOS_DEPLOYMENT_TARGET = 14.5;
				MTL_ENABLE_DEBUG_INFO = INCLUDE_SOURCE;
				MTL_FAST_MATH = YES;
				ONLY_ACTIVE_ARCH = YES;
				SDKROOT = iphoneos;
				SWIFT_ACTIVE_COMPILATION_CONDITIONS = DEBUG;
				SWIFT_OPTIMIZATION_LEVEL = "-Onone";
			};
			name = Debug;
		};
		5CDDAAB2269178BB00D5C1CB /* Release */ = {
			isa = XCBuildConfiguration;
			buildSettings = {
				ALWAYS_SEARCH_USER_PATHS = NO;
				CLANG_ANALYZER_NONNULL = YES;
				CLANG_ANALYZER_NUMBER_OBJECT_CONVERSION = YES_AGGRESSIVE;
				CLANG_CXX_LANGUAGE_STANDARD = "gnu++14";
				CLANG_CXX_LIBRARY = "libc++";
				CLANG_ENABLE_MODULES = YES;
				CLANG_ENABLE_OBJC_ARC = YES;
				CLANG_ENABLE_OBJC_WEAK = YES;
				CLANG_WARN_BLOCK_CAPTURE_AUTORELEASING = YES;
				CLANG_WARN_BOOL_CONVERSION = YES;
				CLANG_WARN_COMMA = YES;
				CLANG_WARN_CONSTANT_CONVERSION = YES;
				CLANG_WARN_DEPRECATED_OBJC_IMPLEMENTATIONS = YES;
				CLANG_WARN_DIRECT_OBJC_ISA_USAGE = YES_ERROR;
				CLANG_WARN_DOCUMENTATION_COMMENTS = YES;
				CLANG_WARN_EMPTY_BODY = YES;
				CLANG_WARN_ENUM_CONVERSION = YES;
				CLANG_WARN_INFINITE_RECURSION = YES;
				CLANG_WARN_INT_CONVERSION = YES;
				CLANG_WARN_NON_LITERAL_NULL_CONVERSION = YES;
				CLANG_WARN_OBJC_IMPLICIT_RETAIN_SELF = YES;
				CLANG_WARN_OBJC_LITERAL_CONVERSION = YES;
				CLANG_WARN_OBJC_ROOT_CLASS = YES_ERROR;
				CLANG_WARN_QUOTED_INCLUDE_IN_FRAMEWORK_HEADER = YES;
				CLANG_WARN_RANGE_LOOP_ANALYSIS = YES;
				CLANG_WARN_STRICT_PROTOTYPES = YES;
				CLANG_WARN_SUSPICIOUS_MOVE = YES;
				CLANG_WARN_UNGUARDED_AVAILABILITY = YES_AGGRESSIVE;
				CLANG_WARN_UNREACHABLE_CODE = YES;
				CLANG_WARN__DUPLICATE_METHOD_MATCH = YES;
				COPY_PHASE_STRIP = NO;
				DEBUG_INFORMATION_FORMAT = "dwarf-with-dsym";
				ENABLE_NS_ASSERTIONS = NO;
				ENABLE_STRICT_OBJC_MSGSEND = YES;
				GCC_C_LANGUAGE_STANDARD = gnu11;
				GCC_NO_COMMON_BLOCKS = YES;
				GCC_WARN_64_TO_32_BIT_CONVERSION = YES;
				GCC_WARN_ABOUT_RETURN_TYPE = YES_ERROR;
				GCC_WARN_UNDECLARED_SELECTOR = YES;
				GCC_WARN_UNINITIALIZED_AUTOS = YES_AGGRESSIVE;
				GCC_WARN_UNUSED_FUNCTION = YES;
				GCC_WARN_UNUSED_VARIABLE = YES;
				IPHONEOS_DEPLOYMENT_TARGET = 14.5;
				MTL_ENABLE_DEBUG_INFO = NO;
				MTL_FAST_MATH = YES;
				SDKROOT = iphoneos;
				SWIFT_COMPILATION_MODE = wholemodule;
				SWIFT_OPTIMIZATION_LEVEL = "-O";
				VALIDATE_PRODUCT = YES;
			};
			name = Release;
		};
		5CDDAAB4269178BB00D5C1CB /* Debug */ = {
			isa = XCBuildConfiguration;
			buildSettings = {
				ASSETCATALOG_COMPILER_APPICON_NAME = AppIcon;
				ASSETCATALOG_COMPILER_GLOBAL_ACCENT_COLOR_NAME = AccentColor;
				CODE_SIGN_STYLE = Automatic;
				DEVELOPMENT_ASSET_PATHS = "\"portfolioApp/Preview Content\"";
				ENABLE_PREVIEWS = YES;
				INFOPLIST_FILE = portfolioApp/Info.plist;
				IPHONEOS_DEPLOYMENT_TARGET = 14.0;
				LD_RUNPATH_SEARCH_PATHS = (
					"$(inherited)",
					"@executable_path/Frameworks",
				);
				PRODUCT_BUNDLE_IDENTIFIER = sabir.portfolioApp;
				PRODUCT_NAME = "$(TARGET_NAME)";
				SWIFT_VERSION = 5.0;
				TARGETED_DEVICE_FAMILY = "1,2";
			};
			name = Debug;
		};
		5CDDAAB5269178BB00D5C1CB /* Release */ = {
			isa = XCBuildConfiguration;
			buildSettings = {
				ASSETCATALOG_COMPILER_APPICON_NAME = AppIcon;
				ASSETCATALOG_COMPILER_GLOBAL_ACCENT_COLOR_NAME = AccentColor;
				CODE_SIGN_STYLE = Automatic;
				DEVELOPMENT_ASSET_PATHS = "\"portfolioApp/Preview Content\"";
				ENABLE_PREVIEWS = YES;
				INFOPLIST_FILE = portfolioApp/Info.plist;
				IPHONEOS_DEPLOYMENT_TARGET = 14.0;
				LD_RUNPATH_SEARCH_PATHS = (
					"$(inherited)",
					"@executable_path/Frameworks",
				);
				PRODUCT_BUNDLE_IDENTIFIER = sabir.portfolioApp;
				PRODUCT_NAME = "$(TARGET_NAME)";
				SWIFT_VERSION = 5.0;
				TARGETED_DEVICE_FAMILY = "1,2";
			};
			name = Release;
		};
/* End XCBuildConfiguration section */

/* Begin XCConfigurationList section */
		5CDDAA9F269178B800D5C1CB /* Build configuration list for PBXProject "portfolioApp" */ = {
			isa = XCConfigurationList;
			buildConfigurations = (
				5CDDAAB1269178BB00D5C1CB /* Debug */,
				5CDDAAB2269178BB00D5C1CB /* Release */,
			);
			defaultConfigurationIsVisible = 0;
			defaultConfigurationName = Release;
		};
		5CDDAAB3269178BB00D5C1CB /* Build configuration list for PBXNativeTarget "portfolioApp" */ = {
			isa = XCConfigurationList;
			buildConfigurations = (
				5CDDAAB4269178BB00D5C1CB /* Debug */,
				5CDDAAB5269178BB00D5C1CB /* Release */,
			);
			defaultConfigurationIsVisible = 0;
			defaultConfigurationName = Release;
		};
/* End XCConfigurationList section */
	};
	rootObject = 5CDDAA9C269178B800D5C1CB /* Project object */;
}
